
Microsoft Visual Studio Solution File, Format Version 12.00
# Visual Studio 15
VisualStudioVersion = 15.0.28307.1022
MinimumVisualStudioVersion = 10.0.40219.1
Project("{FAE04EC0-301F-11D3-BF4B-00C04F79EFBC}") = "DAN_XL_Milica_Karetic", "DAN_XL_Milica_Karetic\DAN_XL_Milica_Karetic.csproj", "{C8D05821-0635-4802-91BE-E29F50BE6E59}"
EndProject
Global
	GlobalSection(SolutionConfigurationPlatforms) = preSolution
		Debug|Any CPU = Debug|Any CPU
		Release|Any CPU = Release|Any CPU
	EndGlobalSection
	GlobalSection(ProjectConfigurationPlatforms) = postSolution
		{C8D05821-0635-4802-91BE-E29F50BE6E59}.Debug|Any CPU.ActiveCfg = Debug|Any CPU
		{C8D05821-0635-4802-91BE-E29F50BE6E59}.Debug|Any CPU.Build.0 = Debug|Any CPU
		{C8D05821-0635-4802-91BE-E29F50BE6E59}.Release|Any CPU.ActiveCfg = Release|Any CPU
		{C8D05821-0635-4802-91BE-E29F50BE6E59}.Release|Any CPU.Build.0 = Release|Any CPU
	EndGlobalSection
	GlobalSection(SolutionProperties) = preSolution
		HideSolutionNode = FALSE
	EndGlobalSection
	GlobalSection(ExtensibilityGlobals) = postSolution
		SolutionGuid = {E4F6C37A-680A-4514-89D3-B51C020231D8}
	EndGlobalSection
EndGlobal
